
Microsoft Visual Studio Solution File, Format Version 12.00
# Visual Studio Version 17
VisualStudioVersion = 17.9.34622.214
MinimumVisualStudioVersion = 10.0.40219.1
Project("{FAE04EC0-301F-11D3-BF4B-00C04F79EFBC}") = "MqttHelper", "MqttHelper.csproj", "{4E5765DF-A2B4-44BF-9C37-8CE6D859C185}"
EndProject
Global
	GlobalSection(SolutionConfigurationPlatforms) = preSolution
		Debug|Any CPU = Debug|Any CPU
		Release|Any CPU = Release|Any CPU
	EndGlobalSection
	GlobalSection(ProjectConfigurationPlatforms) = postSolution
		{4E5765DF-A2B4-44BF-9C37-8CE6D859C185}.Debug|Any CPU.ActiveCfg = Debug|Any CPU
		{4E5765DF-A2B4-44BF-9C37-8CE6D859C185}.Debug|Any CPU.Build.0 = Debug|Any CPU
		{4E5765DF-A2B4-44BF-9C37-8CE6D859C185}.Release|Any CPU.ActiveCfg = Release|Any CPU
		{4E5765DF-A2B4-44BF-9C37-8CE6D859C185}.Release|Any CPU.Build.0 = Release|Any CPU
	EndGlobalSection
	GlobalSection(SolutionProperties) = preSolution
		HideSolutionNode = FALSE
	EndGlobalSection
	GlobalSection(ExtensibilityGlobals) = postSolution
		SolutionGuid = {99B0DC70-48B2-4E74-B2C9-9B9CCE70CCF0}
	EndGlobalSection
EndGlobal
