
Microsoft Visual Studio Solution File, Format Version 12.00
# Visual Studio Version 17
VisualStudioVersion = 17.8.34408.163
MinimumVisualStudioVersion = 10.0.40219.1
Project("{FAE04EC0-301F-11D3-BF4B-00C04F79EFBC}") = "Tests", "Tests.csproj", "{37D327DC-B2A9-48B3-907C-EF72C551184A}"
EndProject
Global
	GlobalSection(SolutionConfigurationPlatforms) = preSolution
		Debug|Any CPU = Debug|Any CPU
		Release|Any CPU = Release|Any CPU
	EndGlobalSection
	GlobalSection(ProjectConfigurationPlatforms) = postSolution
		{37D327DC-B2A9-48B3-907C-EF72C551184A}.Debug|Any CPU.ActiveCfg = Debug|Any CPU
		{37D327DC-B2A9-48B3-907C-EF72C551184A}.Debug|Any CPU.Build.0 = Debug|Any CPU
		{37D327DC-B2A9-48B3-907C-EF72C551184A}.Release|Any CPU.ActiveCfg = Release|Any CPU
		{37D327DC-B2A9-48B3-907C-EF72C551184A}.Release|Any CPU.Build.0 = Release|Any CPU
	EndGlobalSection
	GlobalSection(SolutionProperties) = preSolution
		HideSolutionNode = FALSE
	EndGlobalSection
	GlobalSection(ExtensibilityGlobals) = postSolution
		SolutionGuid = {B72CA14B-9242-4206-8CB3-A14C76C22BE2}
	EndGlobalSection
EndGlobal
