
Microsoft Visual Studio Solution File, Format Version 12.00
# Visual Studio Version 17
VisualStudioVersion = 17.13.35931.197 d17.13
MinimumVisualStudioVersion = 10.0.40219.1
Project("{11A8DD76-328B-46DF-9F39-F559912D0360}") = "ToneLock", "ToneLock\ToneLock.nfproj", "{1BD78AB1-D1B3-4CA9-A13F-E2F9B7B7F57A}"
EndProject
Global
	GlobalSection(SolutionConfigurationPlatforms) = preSolution
		Debug|Any CPU = Debug|Any CPU
		Release|Any CPU = Release|Any CPU
	EndGlobalSection
	GlobalSection(ProjectConfigurationPlatforms) = postSolution
		{1BD78AB1-D1B3-4CA9-A13F-E2F9B7B7F57A}.Debug|Any CPU.ActiveCfg = Debug|Any CPU
		{1BD78AB1-D1B3-4CA9-A13F-E2F9B7B7F57A}.Debug|Any CPU.Build.0 = Debug|Any CPU
		{1BD78AB1-D1B3-4CA9-A13F-E2F9B7B7F57A}.Debug|Any CPU.Deploy.0 = Debug|Any CPU
		{1BD78AB1-D1B3-4CA9-A13F-E2F9B7B7F57A}.Release|Any CPU.ActiveCfg = Release|Any CPU
		{1BD78AB1-D1B3-4CA9-A13F-E2F9B7B7F57A}.Release|Any CPU.Build.0 = Release|Any CPU
		{1BD78AB1-D1B3-4CA9-A13F-E2F9B7B7F57A}.Release|Any CPU.Deploy.0 = Release|Any CPU
	EndGlobalSection
	GlobalSection(SolutionProperties) = preSolution
		HideSolutionNode = FALSE
	EndGlobalSection
	GlobalSection(ExtensibilityGlobals) = postSolution
		SolutionGuid = {31A83E83-FA4B-47AB-879E-9AE0D499AB41}
	EndGlobalSection
EndGlobal
