
Microsoft Visual Studio Solution File, Format Version 12.00
# Visual Studio Version 17
VisualStudioVersion = 17.9.34622.214
MinimumVisualStudioVersion = 10.0.40219.1
Project("{9A19103F-16F7-4668-BE54-9A1E7A4F7556}") = "MqttHelper", "MqttHelper.csproj", "{4E5765DF-A2B4-44BF-9C37-8CE6D859C185}"
EndProject
Project("{9A19103F-16F7-4668-BE54-9A1E7A4F7556}") = "EscapeRoomManager", "..\EscapeRoomManager\EscapeRoomManager.csproj", "{D585BDF1-A7E7-48AE-A248-0B015FA06168}"
EndProject
Project("{9A19103F-16F7-4668-BE54-9A1E7A4F7556}") = "NserviceBus.Mqtt", "..\NserviceBus.Mqtt\NserviceBus.Mqtt.csproj", "{766A19CF-ED79-445D-842C-22DD2D2721FC}"
EndProject
Project("{9A19103F-16F7-4668-BE54-9A1E7A4F7556}") = "NServiceBus.Mqtt.TransportTests", "..\NServiceBus.Mqtt.TransportTests\NServiceBus.Mqtt.TransportTests.csproj", "{A08DCC75-EEAD-435F-B421-EC0DD49E78A1}"
EndProject
Project("{FAE04EC0-301F-11D3-BF4B-00C04F79EFBC}") = "EscapeRoomBridge", "..\EscapeRoomBridge\EscapeRoomBridge.csproj", "{FD14D140-8EDD-4A1B-8393-30B64DB803CA}"
EndProject
Project("{FAE04EC0-301F-11D3-BF4B-00C04F79EFBC}") = "EscapeRoomIoTRunner", "..\EscapeRoomRunner\EscapeRoomIoTRunner.csproj", "{0463CAC0-B948-4A60-8EF7-252E5E5B0561}"
EndProject
Project("{FAE04EC0-301F-11D3-BF4B-00C04F79EFBC}") = "Messages", "..\Messages\Messages.csproj", "{5B595946-9825-4867-82B7-FDD7E649B191}"
EndProject
Global
	GlobalSection(SolutionConfigurationPlatforms) = preSolution
		Debug|Any CPU = Debug|Any CPU
		Release|Any CPU = Release|Any CPU
	EndGlobalSection
	GlobalSection(ProjectConfigurationPlatforms) = postSolution
		{4E5765DF-A2B4-44BF-9C37-8CE6D859C185}.Debug|Any CPU.ActiveCfg = Debug|Any CPU
		{4E5765DF-A2B4-44BF-9C37-8CE6D859C185}.Debug|Any CPU.Build.0 = Debug|Any CPU
		{4E5765DF-A2B4-44BF-9C37-8CE6D859C185}.Release|Any CPU.ActiveCfg = Release|Any CPU
		{4E5765DF-A2B4-44BF-9C37-8CE6D859C185}.Release|Any CPU.Build.0 = Release|Any CPU
		{D585BDF1-A7E7-48AE-A248-0B015FA06168}.Debug|Any CPU.ActiveCfg = Debug|Any CPU
		{D585BDF1-A7E7-48AE-A248-0B015FA06168}.Debug|Any CPU.Build.0 = Debug|Any CPU
		{D585BDF1-A7E7-48AE-A248-0B015FA06168}.Release|Any CPU.ActiveCfg = Release|Any CPU
		{D585BDF1-A7E7-48AE-A248-0B015FA06168}.Release|Any CPU.Build.0 = Release|Any CPU
		{766A19CF-ED79-445D-842C-22DD2D2721FC}.Debug|Any CPU.ActiveCfg = Debug|Any CPU
		{766A19CF-ED79-445D-842C-22DD2D2721FC}.Debug|Any CPU.Build.0 = Debug|Any CPU
		{766A19CF-ED79-445D-842C-22DD2D2721FC}.Release|Any CPU.ActiveCfg = Release|Any CPU
		{766A19CF-ED79-445D-842C-22DD2D2721FC}.Release|Any CPU.Build.0 = Release|Any CPU
		{A08DCC75-EEAD-435F-B421-EC0DD49E78A1}.Debug|Any CPU.ActiveCfg = Debug|Any CPU
		{A08DCC75-EEAD-435F-B421-EC0DD49E78A1}.Debug|Any CPU.Build.0 = Debug|Any CPU
		{A08DCC75-EEAD-435F-B421-EC0DD49E78A1}.Release|Any CPU.ActiveCfg = Release|Any CPU
		{A08DCC75-EEAD-435F-B421-EC0DD49E78A1}.Release|Any CPU.Build.0 = Release|Any CPU
		{FD14D140-8EDD-4A1B-8393-30B64DB803CA}.Debug|Any CPU.ActiveCfg = Debug|Any CPU
		{FD14D140-8EDD-4A1B-8393-30B64DB803CA}.Debug|Any CPU.Build.0 = Debug|Any CPU
		{FD14D140-8EDD-4A1B-8393-30B64DB803CA}.Release|Any CPU.ActiveCfg = Release|Any CPU
		{FD14D140-8EDD-4A1B-8393-30B64DB803CA}.Release|Any CPU.Build.0 = Release|Any CPU
		{0463CAC0-B948-4A60-8EF7-252E5E5B0561}.Debug|Any CPU.ActiveCfg = Debug|Any CPU
		{0463CAC0-B948-4A60-8EF7-252E5E5B0561}.Debug|Any CPU.Build.0 = Debug|Any CPU
		{0463CAC0-B948-4A60-8EF7-252E5E5B0561}.Release|Any CPU.ActiveCfg = Release|Any CPU
		{0463CAC0-B948-4A60-8EF7-252E5E5B0561}.Release|Any CPU.Build.0 = Release|Any CPU
		{5B595946-9825-4867-82B7-FDD7E649B191}.Debug|Any CPU.ActiveCfg = Debug|Any CPU
		{5B595946-9825-4867-82B7-FDD7E649B191}.Debug|Any CPU.Build.0 = Debug|Any CPU
		{5B595946-9825-4867-82B7-FDD7E649B191}.Release|Any CPU.ActiveCfg = Release|Any CPU
		{5B595946-9825-4867-82B7-FDD7E649B191}.Release|Any CPU.Build.0 = Release|Any CPU
	EndGlobalSection
	GlobalSection(SolutionProperties) = preSolution
		HideSolutionNode = FALSE
	EndGlobalSection
	GlobalSection(ExtensibilityGlobals) = postSolution
		SolutionGuid = {99B0DC70-48B2-4E74-B2C9-9B9CCE70CCF0}
	EndGlobalSection
EndGlobal
