
Microsoft Visual Studio Solution File, Format Version 12.00
# Visual Studio Version 17
VisualStudioVersion = 17.9.34518.117
MinimumVisualStudioVersion = 10.0.40219.1
Project("{FAE04EC0-301F-11D3-BF4B-00C04F79EFBC}") = "Unittests", "Unittests.csproj", "{2D38B6BE-1724-4A13-8321-09D3E2030191}"
EndProject
Global
	GlobalSection(SolutionConfigurationPlatforms) = preSolution
		Debug|Any CPU = Debug|Any CPU
		Release|Any CPU = Release|Any CPU
	EndGlobalSection
	GlobalSection(ProjectConfigurationPlatforms) = postSolution
		{2D38B6BE-1724-4A13-8321-09D3E2030191}.Debug|Any CPU.ActiveCfg = Debug|Any CPU
		{2D38B6BE-1724-4A13-8321-09D3E2030191}.Debug|Any CPU.Build.0 = Debug|Any CPU
		{2D38B6BE-1724-4A13-8321-09D3E2030191}.Release|Any CPU.ActiveCfg = Release|Any CPU
		{2D38B6BE-1724-4A13-8321-09D3E2030191}.Release|Any CPU.Build.0 = Release|Any CPU
	EndGlobalSection
	GlobalSection(SolutionProperties) = preSolution
		HideSolutionNode = FALSE
	EndGlobalSection
	GlobalSection(ExtensibilityGlobals) = postSolution
		SolutionGuid = {1700205D-BC50-43CA-A022-51B8D0371076}
	EndGlobalSection
EndGlobal
